{
  "name": "@alicloud/widget-build-webpack-plugin",
  "version": "0.1.0",
  "lockfileVersion": 1,
  "requires": true,
  "dependencies": {
    "source-list-map": {
      "version": "2.0.1",
      "resolved": "http://registry.npm.taobao.org/source-list-map/download/source-list-map-2.0.1.tgz",
      "integrity": "sha1-OZO9hzv8SEecyp6jpUeDXHwVSzQ="
    },
    "source-map": {
      "version": "0.6.1",
      "resolved": "http://registry.npm.taobao.org/source-map/download/source-map-0.6.1.tgz",
      "integrity": "sha1-dHIq8y6WFOnCh6jQu95IteLxomM="
    },
    "webpack-sources": {
      "version": "1.4.3",
      "resolved": "https://registry.npm.taobao.org/webpack-sources/download/webpack-sources-1.4.3.tgz",
      "integrity": "sha1-7t2OwLko+/HL/plOItLYkPMwqTM=",
      "requires": {
        "source-list-map": "^2.0.0",
        "source-map": "~0.6.1"
      }
    }
  }
}
